
Microsoft Visual Studio Solution File, Format Version 12.00
# Visual Studio Version 17
VisualStudioVersion = 17.9.34723.18
MinimumVisualStudioVersion = 10.0.40219.1
Project("{FAE04EC0-301F-11D3-BF4B-00C04F79EFBC}") = "Sandalias", "Sandalias\Sandalias.csproj", "{D45AD3A0-1E08-428C-B111-F196384F5044}"
EndProject
Global
	GlobalSection(SolutionConfigurationPlatforms) = preSolution
		Debug|Any CPU = Debug|Any CPU
		Release|Any CPU = Release|Any CPU
	EndGlobalSection
	GlobalSection(ProjectConfigurationPlatforms) = postSolution
		{D45AD3A0-1E08-428C-B111-F196384F5044}.Debug|Any CPU.ActiveCfg = Debug|Any CPU
		{D45AD3A0-1E08-428C-B111-F196384F5044}.Debug|Any CPU.Build.0 = Debug|Any CPU
		{D45AD3A0-1E08-428C-B111-F196384F5044}.Release|Any CPU.ActiveCfg = Release|Any CPU
		{D45AD3A0-1E08-428C-B111-F196384F5044}.Release|Any CPU.Build.0 = Release|Any CPU
	EndGlobalSection
	GlobalSection(SolutionProperties) = preSolution
		HideSolutionNode = FALSE
	EndGlobalSection
	GlobalSection(ExtensibilityGlobals) = postSolution
		SolutionGuid = {FD5A8043-39F2-4DCD-9C3D-C172A54B6596}
	EndGlobalSection
EndGlobal
